
Microsoft Visual Studio Solution File, Format Version 12.00
# Visual Studio Version 17
VisualStudioVersion = 17.2.32602.215
MinimumVisualStudioVersion = 10.0.40219.1
Project("{FAE04EC0-301F-11D3-BF4B-00C04F79EFBC}") = "API", "API\API.csproj", "{ED8D7F76-90CA-4BB8-A6F0-17CFB990F5CB}"
EndProject
Project("{FAE04EC0-301F-11D3-BF4B-00C04F79EFBC}") = "IdentityServer", "IdentityServer\IdentityServer.csproj", "{841EA7DD-DB41-4347-9F96-DDC0CCC61E30}"
EndProject
Global
	GlobalSection(SolutionConfigurationPlatforms) = preSolution
		Debug|Any CPU = Debug|Any CPU
		Release|Any CPU = Release|Any CPU
	EndGlobalSection
	GlobalSection(ProjectConfigurationPlatforms) = postSolution
		{ED8D7F76-90CA-4BB8-A6F0-17CFB990F5CB}.Debug|Any CPU.ActiveCfg = Debug|Any CPU
		{ED8D7F76-90CA-4BB8-A6F0-17CFB990F5CB}.Debug|Any CPU.Build.0 = Debug|Any CPU
		{ED8D7F76-90CA-4BB8-A6F0-17CFB990F5CB}.Release|Any CPU.ActiveCfg = Release|Any CPU
		{ED8D7F76-90CA-4BB8-A6F0-17CFB990F5CB}.Release|Any CPU.Build.0 = Release|Any CPU
		{841EA7DD-DB41-4347-9F96-DDC0CCC61E30}.Debug|Any CPU.ActiveCfg = Debug|Any CPU
		{841EA7DD-DB41-4347-9F96-DDC0CCC61E30}.Debug|Any CPU.Build.0 = Debug|Any CPU
		{841EA7DD-DB41-4347-9F96-DDC0CCC61E30}.Release|Any CPU.ActiveCfg = Release|Any CPU
		{841EA7DD-DB41-4347-9F96-DDC0CCC61E30}.Release|Any CPU.Build.0 = Release|Any CPU
	EndGlobalSection
	GlobalSection(SolutionProperties) = preSolution
		HideSolutionNode = FALSE
	EndGlobalSection
	GlobalSection(ExtensibilityGlobals) = postSolution
		SolutionGuid = {7FC82207-7C4F-4927-BEE4-1AE24D382914}
	EndGlobalSection
EndGlobal
