
Microsoft Visual Studio Solution File, Format Version 12.00
# Visual Studio Version 16
VisualStudioVersion = 16.0.30114.105
MinimumVisualStudioVersion = 10.0.40219.1
Project("{FAE04EC0-301F-11D3-BF4B-00C04F79EFBC}") = "API", "API\API.csproj", "{B4686E32-5931-48B9-897D-F1A1E9F667CE}"
EndProject
Project("{FAE04EC0-301F-11D3-BF4B-00C04F79EFBC}") = "MvcClient", "MvcClient\MvcClient.csproj", "{875B79FB-CAAA-42F1-86D9-29D0FBC9FADD}"
EndProject
Project("{FAE04EC0-301F-11D3-BF4B-00C04F79EFBC}") = "IdentityServerAspNetIdentity", "IdentityServerAspNetIdentity\IdentityServerAspNetIdentity.csproj", "{D6F96B57-FBDF-46D9-983C-EAFC80A952F2}"
EndProject
Global
	GlobalSection(SolutionConfigurationPlatforms) = preSolution
		Debug|Any CPU = Debug|Any CPU
		Release|Any CPU = Release|Any CPU
	EndGlobalSection
	GlobalSection(SolutionProperties) = preSolution
		HideSolutionNode = FALSE
	EndGlobalSection
	GlobalSection(ProjectConfigurationPlatforms) = postSolution
		{B4686E32-5931-48B9-897D-F1A1E9F667CE}.Debug|Any CPU.ActiveCfg = Debug|Any CPU
		{B4686E32-5931-48B9-897D-F1A1E9F667CE}.Debug|Any CPU.Build.0 = Debug|Any CPU
		{B4686E32-5931-48B9-897D-F1A1E9F667CE}.Release|Any CPU.ActiveCfg = Release|Any CPU
		{B4686E32-5931-48B9-897D-F1A1E9F667CE}.Release|Any CPU.Build.0 = Release|Any CPU
		{875B79FB-CAAA-42F1-86D9-29D0FBC9FADD}.Debug|Any CPU.ActiveCfg = Debug|Any CPU
		{875B79FB-CAAA-42F1-86D9-29D0FBC9FADD}.Debug|Any CPU.Build.0 = Debug|Any CPU
		{875B79FB-CAAA-42F1-86D9-29D0FBC9FADD}.Release|Any CPU.ActiveCfg = Release|Any CPU
		{875B79FB-CAAA-42F1-86D9-29D0FBC9FADD}.Release|Any CPU.Build.0 = Release|Any CPU
		{D6F96B57-FBDF-46D9-983C-EAFC80A952F2}.Debug|Any CPU.ActiveCfg = Debug|Any CPU
		{D6F96B57-FBDF-46D9-983C-EAFC80A952F2}.Debug|Any CPU.Build.0 = Debug|Any CPU
		{D6F96B57-FBDF-46D9-983C-EAFC80A952F2}.Release|Any CPU.ActiveCfg = Release|Any CPU
		{D6F96B57-FBDF-46D9-983C-EAFC80A952F2}.Release|Any CPU.Build.0 = Release|Any CPU
	EndGlobalSection
EndGlobal
