
Microsoft Visual Studio Solution File, Format Version 12.00
# Visual Studio Version 17
VisualStudioVersion = 17.2.32602.215
MinimumVisualStudioVersion = 10.0.40219.1
Project("{9A19103F-16F7-4668-BE54-9A1E7A4F7556}") = "API", "API\API.csproj", "{6C0443AD-88BE-41E8-8826-795B51B94A96}"
EndProject
Project("{9A19103F-16F7-4668-BE54-9A1E7A4F7556}") = "IdentityServer", "IdentityServer\IdentityServer.csproj", "{92B6ED04-8967-4CBA-9B83-C19370467B3A}"
EndProject
Project("{FAE04EC0-301F-11D3-BF4B-00C04F79EFBC}") = "MvcClient", "MvcClient\MvcClient.csproj", "{C061827F-C9BB-44B1-949D-0066CAD35618}"
EndProject
Global
	GlobalSection(SolutionConfigurationPlatforms) = preSolution
		Debug|Any CPU = Debug|Any CPU
		Release|Any CPU = Release|Any CPU
	EndGlobalSection
	GlobalSection(ProjectConfigurationPlatforms) = postSolution
		{6C0443AD-88BE-41E8-8826-795B51B94A96}.Debug|Any CPU.ActiveCfg = Debug|Any CPU
		{6C0443AD-88BE-41E8-8826-795B51B94A96}.Debug|Any CPU.Build.0 = Debug|Any CPU
		{6C0443AD-88BE-41E8-8826-795B51B94A96}.Release|Any CPU.ActiveCfg = Release|Any CPU
		{6C0443AD-88BE-41E8-8826-795B51B94A96}.Release|Any CPU.Build.0 = Release|Any CPU
		{92B6ED04-8967-4CBA-9B83-C19370467B3A}.Debug|Any CPU.ActiveCfg = Debug|Any CPU
		{92B6ED04-8967-4CBA-9B83-C19370467B3A}.Debug|Any CPU.Build.0 = Debug|Any CPU
		{92B6ED04-8967-4CBA-9B83-C19370467B3A}.Release|Any CPU.ActiveCfg = Release|Any CPU
		{92B6ED04-8967-4CBA-9B83-C19370467B3A}.Release|Any CPU.Build.0 = Release|Any CPU
		{C061827F-C9BB-44B1-949D-0066CAD35618}.Debug|Any CPU.ActiveCfg = Debug|Any CPU
		{C061827F-C9BB-44B1-949D-0066CAD35618}.Debug|Any CPU.Build.0 = Debug|Any CPU
		{C061827F-C9BB-44B1-949D-0066CAD35618}.Release|Any CPU.ActiveCfg = Release|Any CPU
		{C061827F-C9BB-44B1-949D-0066CAD35618}.Release|Any CPU.Build.0 = Release|Any CPU
	EndGlobalSection
	GlobalSection(SolutionProperties) = preSolution
		HideSolutionNode = FALSE
	EndGlobalSection
	GlobalSection(ExtensibilityGlobals) = postSolution
		SolutionGuid = {BDCEAD6A-54F9-426D-9E1E-1C0B690D9026}
	EndGlobalSection
EndGlobal
